Microsoft Visual Studio Solution File, Format Version 11.00
# Visual Studio 2008

Project("{B43A71F4-1E02-B343-ECBA-5DCBFF1FD442}") = "ProtronSpiel", "Assembly-CSharp-firstpass-vs.csproj", "{7FC85912-2926-FDD0-C0BC-CF9256D599EA}"
EndProject
Project("{B43A71F4-1E02-B343-ECBA-5DCBFF1FD442}") = "ProtronSpiel", "Assembly-CSharp-vs.csproj", "{5D37D365-763C-EE68-C50F-902C769BC135}"
EndProject
Global
	GlobalSection(SolutionConfigurationPlatforms) = preSolution
		Debug|Any CPU = Debug|Any CPU
		Release|Any CPU = Release|Any CPU
	EndGlobalSection
	GlobalSection(ProjectConfigurationPlatforms) = postSolution
		{7FC85912-2926-FDD0-C0BC-CF9256D599EA}.Debug|Any CPU.ActiveCfg = Debug|Any CPU
		{7FC85912-2926-FDD0-C0BC-CF9256D599EA}.Debug|Any CPU.Build.0 = Debug|Any CPU
		{7FC85912-2926-FDD0-C0BC-CF9256D599EA}.Release|Any CPU.ActiveCfg = Release|Any CPU
		{7FC85912-2926-FDD0-C0BC-CF9256D599EA}.Release|Any CPU.Build.0 = Release|Any CPU
		{5D37D365-763C-EE68-C50F-902C769BC135}.Debug|Any CPU.ActiveCfg = Debug|Any CPU
		{5D37D365-763C-EE68-C50F-902C769BC135}.Debug|Any CPU.Build.0 = Debug|Any CPU
		{5D37D365-763C-EE68-C50F-902C769BC135}.Release|Any CPU.ActiveCfg = Release|Any CPU
		{5D37D365-763C-EE68-C50F-902C769BC135}.Release|Any CPU.Build.0 = Release|Any CPU
	EndGlobalSection
	GlobalSection(SolutionProperties) = preSolution
		HideSolutionNode = FALSE
	EndGlobalSection
																																																																																																																																																																					GlobalSection(MonoDevelopProperties) = preSolution
		StartupItem = Assembly-CSharp.csproj
		Policies = $0
		$0.TextStylePolicy = $1
		$1.inheritsSet = null
		$1.scope = text/x-csharp
		$0.CSharpFormattingPolicy = $2
		$2.inheritsSet = Mono
		$2.inheritsScope = text/x-csharp
		$2.scope = text/x-csharp
		$0.TextStylePolicy = $3
		$3.FileWidth = 120
		$3.TabWidth = 4
		$3.EolMarker = Unix
		$3.inheritsSet = Mono
		$3.inheritsScope = text/plain
		$3.scope = text/plain
	EndGlobalSection

EndGlobal
